// !$*UTF8*$!
{
	archiveVersion = 1;
	classes = {
	};
	objectVersion = 56;
	objects = {

/* Begin PBXBuildFile section */
		375AF4F12B1672ED00462BD0 /* PaymentView.swift in Sources */ = {isa = PBXBuildFile; fileRef = 375AF4F02B1672ED00462BD0 /* PaymentView.swift */; };
		375AF4F32B167F0200462BD0 /* PaymentData.swift in Sources */ = {isa = PBXBuildFile; fileRef = 375AF4F22B167F0200462BD0 /* PaymentData.swift */; };
		3772C4C42B10D58B00914F03 /* FeedbackView.swift in Sources */ = {isa = PBXBuildFile; fileRef = 3772C4C32B10D58B00914F03 /* FeedbackView.swift */; };
		3772C4C62B10DBB300914F03 /* EmojiView.swift in Sources */ = {isa = PBXBuildFile; fileRef = 3772C4C52B10DBB300914F03 /* EmojiView.swift */; };
		3772C4C82B10ECAD00914F03 /* StationsData.swift in Sources */ = {isa = PBXBuildFile; fileRef = 3772C4C72B10ECAD00914F03 /* StationsData.swift */; };
		3772C4CB2B121E6D00914F03 /* NotificationView.swift in Sources */ = {isa = PBXBuildFile; fileRef = 3772C4CA2B121E6D00914F03 /* NotificationView.swift */; };
		3772C4CD2B12441100914F03 /* SignUpData.swift in Sources */ = {isa = PBXBuildFile; fileRef = 3772C4CC2B12441100914F03 /* SignUpData.swift */; };
		3772C4D12B1251EE00914F03 /* TicketData.swift in Sources */ = {isa = PBXBuildFile; fileRef = 3772C4D02B1251EE00914F03 /* TicketData.swift */; };
		3772C4D32B1252FD00914F03 /* SeatData.swift in Sources */ = {isa = PBXBuildFile; fileRef = 3772C4D22B1252FD00914F03 /* SeatData.swift */; };
		3772C4D62B12541000914F03 /* BookingData.swift in Sources */ = {isa = PBXBuildFile; fileRef = 3772C4D52B12541000914F03 /* BookingData.swift */; };
		3772C4D82B12545400914F03 /* HomePageView.swift in Sources */ = {isa = PBXBuildFile; fileRef = 3772C4D72B12545400914F03 /* HomePageView.swift */; };
		3772C4DA2B12549000914F03 /* TicketView.swift in Sources */ = {isa = PBXBuildFile; fileRef = 3772C4D92B12549000914F03 /* TicketView.swift */; };
		3772C4DC2B1254B200914F03 /* SeatSelcation.swift in Sources */ = {isa = PBXBuildFile; fileRef = 3772C4DB2B1254B200914F03 /* SeatSelcation.swift */; };
		3772C4DE2B1254D200914F03 /* BookingTicket.swift in Sources */ = {isa = PBXBuildFile; fileRef = 3772C4DD2B1254D200914F03 /* BookingTicket.swift */; };
		3772C4E02B12899D00914F03 /* NotificationData.swift in Sources */ = {isa = PBXBuildFile; fileRef = 3772C4DF2B12899D00914F03 /* NotificationData.swift */; };
		3772C4E22B128A8C00914F03 /* DatabaseNotification.swift in Sources */ = {isa = PBXBuildFile; fileRef = 3772C4E12B128A8C00914F03 /* DatabaseNotification.swift */; };
		3772C5072B13571900914F03 /* SignInData.swift in Sources */ = {isa = PBXBuildFile; fileRef = 3772C5062B13571900914F03 /* SignInData.swift */; };
		37AC8FF02B1DF374001F6DB7 /* VisaView.swift in Sources */ = {isa = PBXBuildFile; fileRef = 37AC8FEF2B1DF374001F6DB7 /* VisaView.swift */; };
		37AC8FF22B1E1B02001F6DB7 /* PaymentViewModel.swift in Sources */ = {isa = PBXBuildFile; fileRef = 37AC8FF12B1E1B02001F6DB7 /* PaymentViewModel.swift */; };
		37AC8FF42B1E3D11001F6DB7 /* MasterCardView.swift in Sources */ = {isa = PBXBuildFile; fileRef = 37AC8FF32B1E3D11001F6DB7 /* MasterCardView.swift */; };
		37AC8FF62B1E4ABD001F6DB7 /* ApplePayView.swift in Sources */ = {isa = PBXBuildFile; fileRef = 37AC8FF52B1E4ABD001F6DB7 /* ApplePayView.swift */; };
		37AC8FF82B1F5BAF001F6DB7 /* FinishView.swift in Sources */ = {isa = PBXBuildFile; fileRef = 37AC8FF72B1F5BAF001F6DB7 /* FinishView.swift */; };
		37AC8FFA2B1F787A001F6DB7 /* MyTicketView.swift in Sources */ = {isa = PBXBuildFile; fileRef = 37AC8FF92B1F787A001F6DB7 /* MyTicketView.swift */; };
		37AC8FFC2B1F8074001F6DB7 /* QRCode.swift in Sources */ = {isa = PBXBuildFile; fileRef = 37AC8FFB2B1F8074001F6DB7 /* QRCode.swift */; };
		37AC90512B2096D4001F6DB7 /* Localizable.strings in Resources */ = {isa = PBXBuildFile; fileRef = 37AC90532B2096D4001F6DB7 /* Localizable.strings */; };
		37AC90562B20D90D001F6DB7 /* RouteMapView.swift in Sources */ = {isa = PBXBuildFile; fileRef = 37AC90552B20D90D001F6DB7 /* RouteMapView.swift */; };
		37AC90582B20D939001F6DB7 /* MapModel.swift in Sources */ = {isa = PBXBuildFile; fileRef = 37AC90572B20D939001F6DB7 /* MapModel.swift */; };
		37AC905B2B20F25A001F6DB7 /* Lottie in Frameworks */ = {isa = PBXBuildFile; productRef = 37AC905A2B20F25A001F6DB7 /* Lottie */; };
		37B7B32B2B22524000C18685 /* AuthenticationViewModel.swift in Sources */ = {isa = PBXBuildFile; fileRef = 37B7B32A2B22524000C18685 /* AuthenticationViewModel.swift */; };
		37B7B32D2B22526D00C18685 /* AuthModel.swift in Sources */ = {isa = PBXBuildFile; fileRef = 37B7B32C2B22526D00C18685 /* AuthModel.swift */; };
		37B7B32F2B236F9600C18685 /* FromToView.swift in Sources */ = {isa = PBXBuildFile; fileRef = 37B7B32E2B236F9600C18685 /* FromToView.swift */; };
		37BBEC2C2B0BC1C500AB7956 /* TrainAppApp.swift in Sources */ = {isa = PBXBuildFile; fileRef = 37BBEC2B2B0BC1C500AB7956 /* TrainAppApp.swift */; };
		37BBEC2E2B0BC1C500AB7956 /* ContentView.swift in Sources */ = {isa = PBXBuildFile; fileRef = 37BBEC2D2B0BC1C500AB7956 /* ContentView.swift */; };
		37BBEC302B0BC1C700AB7956 /* Assets.xcassets in Resources */ = {isa = PBXBuildFile; fileRef = 37BBEC2F2B0BC1C700AB7956 /* Assets.xcassets */; };
		37BBEC332B0BC1C700AB7956 /* Preview Assets.xcassets in Resources */ = {isa = PBXBuildFile; fileRef = 37BBEC322B0BC1C700AB7956 /* Preview Assets.xcassets */; };
		37BBEC3A2B0BC1DE00AB7956 /* OnboardingView.swift in Sources */ = {isa = PBXBuildFile; fileRef = 37BBEC392B0BC1DE00AB7956 /* OnboardingView.swift */; };
		37BBEC3C2B0BC1F100AB7956 /* SignInView.swift in Sources */ = {isa = PBXBuildFile; fileRef = 37BBEC3B2B0BC1F100AB7956 /* SignInView.swift */; };
		37BBEC3E2B0BC20000AB7956 /* SignUpView.swift in Sources */ = {isa = PBXBuildFile; fileRef = 37BBEC3D2B0BC1FF00AB7956 /* SignUpView.swift */; };
		37BBEC402B0BCA4100AB7956 /* ForgetView.swift in Sources */ = {isa = PBXBuildFile; fileRef = 37BBEC3F2B0BCA4100AB7956 /* ForgetView.swift */; };
		37BBEC422B0BCA5000AB7956 /* OTPView.swift in Sources */ = {isa = PBXBuildFile; fileRef = 37BBEC412B0BCA5000AB7956 /* OTPView.swift */; };
		37BBEC482B0CCE5B00AB7956 /* HeaderView.swift in Sources */ = {isa = PBXBuildFile; fileRef = 37BBEC472B0CCE5B00AB7956 /* HeaderView.swift */; };
		37BBEC4C2B0D111A00AB7956 /* ResetPassView.swift in Sources */ = {isa = PBXBuildFile; fileRef = 37BBEC4B2B0D111A00AB7956 /* ResetPassView.swift */; };
		37BBEC512B0D30B400AB7956 /* SplashView.swift in Sources */ = {isa = PBXBuildFile; fileRef = 37BBEC502B0D30B400AB7956 /* SplashView.swift */; };
		37BBEC532B0DDFC200AB7956 /* TabbedView.swift in Sources */ = {isa = PBXBuildFile; fileRef = 37BBEC522B0DDFC200AB7956 /* TabbedView.swift */; };
		37BBEC582B0E635C00AB7956 /* ProfileData.swift in Sources */ = {isa = PBXBuildFile; fileRef = 37BBEC572B0E635C00AB7956 /* ProfileData.swift */; };
		37BBEC5A2B0E63E300AB7956 /* ProfileDatabase.swift in Sources */ = {isa = PBXBuildFile; fileRef = 37BBEC592B0E63E300AB7956 /* ProfileDatabase.swift */; };
		37BBEC5C2B0E680200AB7956 /* ProfileView.swift in Sources */ = {isa = PBXBuildFile; fileRef = 37BBEC5B2B0E680200AB7956 /* ProfileView.swift */; };
		37BBEC5E2B0E778B00AB7956 /* ProfileHeaderIView.swift in Sources */ = {isa = PBXBuildFile; fileRef = 37BBEC5D2B0E778B00AB7956 /* ProfileHeaderIView.swift */; };
/* End PBXBuildFile section */

/* Begin PBXFileReference section */
		375AF4F02B1672ED00462BD0 /* PaymentView.swift */ = {isa = PBXFileReference; lastKnownFileType = sourcecode.swift; path = PaymentView.swift; sourceTree = "<group>"; };
		375AF4F22B167F0200462BD0 /* PaymentData.swift */ = {isa = PBXFileReference; lastKnownFileType = sourcecode.swift; path = PaymentData.swift; sourceTree = "<group>"; };
		3772C4C32B10D58B00914F03 /* FeedbackView.swift */ = {isa = PBXFileReference; lastKnownFileType = sourcecode.swift; path = FeedbackView.swift; sourceTree = "<group>"; };
		3772C4C52B10DBB300914F03 /* EmojiView.swift */ = {isa = PBXFileReference; lastKnownFileType = sourcecode.swift; path = EmojiView.swift; sourceTree = "<group>"; };
		3772C4C72B10ECAD00914F03 /* StationsData.swift */ = {isa = PBXFileReference; lastKnownFileType = sourcecode.swift; path = StationsData.swift; sourceTree = "<group>"; };
		3772C4CA2B121E6D00914F03 /* NotificationView.swift */ = {isa = PBXFileReference; lastKnownFileType = sourcecode.swift; path = NotificationView.swift; sourceTree = "<group>"; };
		3772C4CC2B12441100914F03 /* SignUpData.swift */ = {isa = PBXFileReference; lastKnownFileType = sourcecode.swift; path = SignUpData.swift; sourceTree = "<group>"; };
		3772C4D02B1251EE00914F03 /* TicketData.swift */ = {isa = PBXFileReference; lastKnownFileType = sourcecode.swift; path = TicketData.swift; sourceTree = "<group>"; };
		3772C4D22B1252FD00914F03 /* SeatData.swift */ = {isa = PBXFileReference; lastKnownFileType = sourcecode.swift; path = SeatData.swift; sourceTree = "<group>"; };
		3772C4D52B12541000914F03 /* BookingData.swift */ = {isa = PBXFileReference; lastKnownFileType = sourcecode.swift; path = BookingData.swift; sourceTree = "<group>"; };
		3772C4D72B12545400914F03 /* HomePageView.swift */ = {isa = PBXFileReference; lastKnownFileType = sourcecode.swift; path = HomePageView.swift; sourceTree = "<group>"; };
		3772C4D92B12549000914F03 /* TicketView.swift */ = {isa = PBXFileReference; lastKnownFileType = sourcecode.swift; path = TicketView.swift; sourceTree = "<group>"; };
		3772C4DB2B1254B200914F03 /* SeatSelcation.swift */ = {isa = PBXFileReference; lastKnownFileType = sourcecode.swift; path = SeatSelcation.swift; sourceTree = "<group>"; };
		3772C4DD2B1254D200914F03 /* BookingTicket.swift */ = {isa = PBXFileReference; lastKnownFileType = sourcecode.swift; path = BookingTicket.swift; sourceTree = "<group>"; };
		3772C4DF2B12899D00914F03 /* NotificationData.swift */ = {isa = PBXFileReference; lastKnownFileType = sourcecode.swift; path = NotificationData.swift; sourceTree = "<group>"; };
		3772C4E12B128A8C00914F03 /* DatabaseNotification.swift */ = {isa = PBXFileReference; lastKnownFileType = sourcecode.swift; path = DatabaseNotification.swift; sourceTree = "<group>"; };
		3772C5062B13571900914F03 /* SignInData.swift */ = {isa = PBXFileReference; lastKnownFileType = sourcecode.swift; name = SignInData.swift; path = ../Views/SignInData.swift; sourceTree = "<group>"; };
		37AC8FEF2B1DF374001F6DB7 /* VisaView.swift */ = {isa = PBXFileReference; lastKnownFileType = sourcecode.swift; path = VisaView.swift; sourceTree = "<group>"; };
		37AC8FF12B1E1B02001F6DB7 /* PaymentViewModel.swift */ = {isa = PBXFileReference; lastKnownFileType = sourcecode.swift; path = PaymentViewModel.swift; sourceTree = "<group>"; };
		37AC8FF32B1E3D11001F6DB7 /* MasterCardView.swift */ = {isa = PBXFileReference; lastKnownFileType = sourcecode.swift; path = MasterCardView.swift; sourceTree = "<group>"; };
		37AC8FF52B1E4ABD001F6DB7 /* ApplePayView.swift */ = {isa = PBXFileReference; lastKnownFileType = sourcecode.swift; path = ApplePayView.swift; sourceTree = "<group>"; };
		37AC8FF72B1F5BAF001F6DB7 /* FinishView.swift */ = {isa = PBXFileReference; lastKnownFileType = sourcecode.swift; path = FinishView.swift; sourceTree = "<group>"; };
		37AC8FF92B1F787A001F6DB7 /* MyTicketView.swift */ = {isa = PBXFileReference; lastKnownFileType = sourcecode.swift; path = MyTicketView.swift; sourceTree = "<group>"; };
		37AC8FFB2B1F8074001F6DB7 /* QRCode.swift */ = {isa = PBXFileReference; lastKnownFileType = sourcecode.swift; path = QRCode.swift; sourceTree = "<group>"; };
		37AC90522B2096D4001F6DB7 /* en */ = {isa = PBXFileReference; lastKnownFileType = text.plist.strings; name = en; path = en.lproj/Localizable.strings; sourceTree = "<group>"; };
		37AC90542B2096D7001F6DB7 /* ar */ = {isa = PBXFileReference; lastKnownFileType = text.plist.strings; name = ar; path = ar.lproj/Localizable.strings; sourceTree = "<group>"; };
		37AC90552B20D90D001F6DB7 /* RouteMapView.swift */ = {isa = PBXFileReference; lastKnownFileType = sourcecode.swift; path = RouteMapView.swift; sourceTree = "<group>"; };
		37AC90572B20D939001F6DB7 /* MapModel.swift */ = {isa = PBXFileReference; lastKnownFileType = sourcecode.swift; path = MapModel.swift; sourceTree = "<group>"; };
		37B7B32A2B22524000C18685 /* AuthenticationViewModel.swift */ = {isa = PBXFileReference; lastKnownFileType = sourcecode.swift; path = AuthenticationViewModel.swift; sourceTree = "<group>"; };
		37B7B32C2B22526D00C18685 /* AuthModel.swift */ = {isa = PBXFileReference; lastKnownFileType = sourcecode.swift; path = AuthModel.swift; sourceTree = "<group>"; };
		37B7B32E2B236F9600C18685 /* FromToView.swift */ = {isa = PBXFileReference; lastKnownFileType = sourcecode.swift; path = FromToView.swift; sourceTree = "<group>"; };
		37BBEC282B0BC1C500AB7956 /* TrainApp.app */ = {isa = PBXFileReference; explicitFileType = wrapper.application; includeInIndex = 0; path = TrainApp.app; sourceTree = BUILT_PRODUCTS_DIR; };
		37BBEC2B2B0BC1C500AB7956 /* TrainAppApp.swift */ = {isa = PBXFileReference; lastKnownFileType = sourcecode.swift; path = TrainAppApp.swift; sourceTree = "<group>"; };
		37BBEC2D2B0BC1C500AB7956 /* ContentView.swift */ = {isa = PBXFileReference; lastKnownFileType = sourcecode.swift; path = ContentView.swift; sourceTree = "<group>"; };
		37BBEC2F2B0BC1C700AB7956 /* Assets.xcassets */ = {isa = PBXFileReference; lastKnownFileType = folder.assetcatalog; path = Assets.xcassets; sourceTree = "<group>"; };
		37BBEC322B0BC1C700AB7956 /* Preview Assets.xcassets */ = {isa = PBXFileReference; lastKnownFileType = folder.assetcatalog; path = "Preview Assets.xcassets"; sourceTree = "<group>"; };
		37BBEC392B0BC1DE00AB7956 /* OnboardingView.swift */ = {isa = PBXFileReference; lastKnownFileType = sourcecode.swift; path = OnboardingView.swift; sourceTree = "<group>"; };
		37BBEC3B2B0BC1F100AB7956 /* SignInView.swift */ = {isa = PBXFileReference; lastKnownFileType = sourcecode.swift; path = SignInView.swift; sourceTree = "<group>"; };
		37BBEC3D2B0BC1FF00AB7956 /* SignUpView.swift */ = {isa = PBXFileReference; lastKnownFileType = sourcecode.swift; path = SignUpView.swift; sourceTree = "<group>"; usesTabs = 0; };
		37BBEC3F2B0BCA4100AB7956 /* ForgetView.swift */ = {isa = PBXFileReference; lastKnownFileType = sourcecode.swift; path = ForgetView.swift; sourceTree = "<group>"; };
		37BBEC412B0BCA5000AB7956 /* OTPView.swift */ = {isa = PBXFileReference; lastKnownFileType = sourcecode.swift; path = OTPView.swift; sourceTree = "<group>"; };
		37BBEC472B0CCE5B00AB7956 /* HeaderView.swift */ = {isa = PBXFileReference; lastKnownFileType = sourcecode.swift; path = HeaderView.swift; sourceTree = "<group>"; };
		37BBEC4B2B0D111A00AB7956 /* ResetPassView.swift */ = {isa = PBXFileReference; lastKnownFileType = sourcecode.swift; path = ResetPassView.swift; sourceTree = "<group>"; };
		37BBEC502B0D30B400AB7956 /* SplashView.swift */ = {isa = PBXFileReference; lastKnownFileType = sourcecode.swift; path = SplashView.swift; sourceTree = "<group>"; };
		37BBEC522B0DDFC200AB7956 /* TabbedView.swift */ = {isa = PBXFileReference; lastKnownFileType = sourcecode.swift; path = TabbedView.swift; sourceTree = "<group>"; };
		37BBEC572B0E635C00AB7956 /* ProfileData.swift */ = {isa = PBXFileReference; lastKnownFileType = sourcecode.swift; path = ProfileData.swift; sourceTree = "<group>"; };
		37BBEC592B0E63E300AB7956 /* ProfileDatabase.swift */ = {isa = PBXFileReference; lastKnownFileType = sourcecode.swift; path = ProfileDatabase.swift; sourceTree = "<group>"; };
		37BBEC5B2B0E680200AB7956 /* ProfileView.swift */ = {isa = PBXFileReference; lastKnownFileType = sourcecode.swift; path = ProfileView.swift; sourceTree = "<group>"; };
		37BBEC5D2B0E778B00AB7956 /* ProfileHeaderIView.swift */ = {isa = PBXFileReference; lastKnownFileType = sourcecode.swift; path = ProfileHeaderIView.swift; sourceTree = "<group>"; };
/* End PBXFileReference section */

/* Begin PBXFrameworksBuildPhase section */
		37BBEC252B0BC1C500AB7956 /* Frameworks */ = {
			isa = PBXFrameworksBuildPhase;
			buildActionMask = 2147483647;
			files = (
				37AC905B2B20F25A001F6DB7 /* Lottie in Frameworks */,
			);
			runOnlyForDeploymentPostprocessing = 0;
		};
/* End PBXFrameworksBuildPhase section */

/* Begin PBXGroup section */
		3772C4D42B12538A00914F03 /* ViewModel */ = {
			isa = PBXGroup;
			children = (
				37BBEC592B0E63E300AB7956 /* ProfileDatabase.swift */,
				3772C4CC2B12441100914F03 /* SignUpData.swift */,
				3772C4D52B12541000914F03 /* BookingData.swift */,
				37AC8FFB2B1F8074001F6DB7 /* QRCode.swift */,
				37B7B32A2B22524000C18685 /* AuthenticationViewModel.swift */,
				3772C5062B13571900914F03 /* SignInData.swift */,
				37AC8FF12B1E1B02001F6DB7 /* PaymentViewModel.swift */,
				3772C4E12B128A8C00914F03 /* DatabaseNotification.swift */,
			);
			path = ViewModel;
			sourceTree = "<group>";
		};
		37AC90232B2066CA001F6DB7 /* Localiz */ = {
			isa = PBXGroup;
			children = (
				37AC90532B2096D4001F6DB7 /* Localizable.strings */,
			);
			path = Localiz;
			sourceTree = "<group>";
		};
		37BBEC1F2B0BC1C500AB7956 = {
			isa = PBXGroup;
			children = (
				3772C4D42B12538A00914F03 /* ViewModel */,
				37BBEC542B0E0FBD00AB7956 /* Views */,
				37BBEC552B0E0FC800AB7956 /* Component */,
				37BBEC562B0E0FE200AB7956 /* Models */,
				37BBEC2A2B0BC1C500AB7956 /* TrainApp */,
				37BBEC292B0BC1C500AB7956 /* Products */,
			);
			sourceTree = "<group>";
		};
		37BBEC292B0BC1C500AB7956 /* Products */ = {
			isa = PBXGroup;
			children = (
				37BBEC282B0BC1C500AB7956 /* TrainApp.app */,
			);
			name = Products;
			sourceTree = "<group>";
		};
		37BBEC2A2B0BC1C500AB7956 /* TrainApp */ = {
			isa = PBXGroup;
			children = (
				37BBEC2B2B0BC1C500AB7956 /* TrainAppApp.swift */,
				37BBEC2D2B0BC1C500AB7956 /* ContentView.swift */,
				37BBEC2F2B0BC1C700AB7956 /* Assets.xcassets */,
				37AC90232B2066CA001F6DB7 /* Localiz */,
				37BBEC312B0BC1C700AB7956 /* Preview Content */,
			);
			path = TrainApp;
			sourceTree = "<group>";
		};
		37BBEC312B0BC1C700AB7956 /* Preview Content */ = {
			isa = PBXGroup;
			children = (
				37BBEC322B0BC1C700AB7956 /* Preview Assets.xcassets */,
			);
			path = "Preview Content";
			sourceTree = "<group>";
		};
		37BBEC542B0E0FBD00AB7956 /* Views */ = {
			isa = PBXGroup;
			children = (
				37BBEC502B0D30B400AB7956 /* SplashView.swift */,
				37BBEC392B0BC1DE00AB7956 /* OnboardingView.swift */,
				37BBEC3B2B0BC1F100AB7956 /* SignInView.swift */,
				37BBEC3D2B0BC1FF00AB7956 /* SignUpView.swift */,
				37BBEC5B2B0E680200AB7956 /* ProfileView.swift */,
				3772C4C32B10D58B00914F03 /* FeedbackView.swift */,
				37BBEC522B0DDFC200AB7956 /* TabbedView.swift */,
				37BBEC4B2B0D111A00AB7956 /* ResetPassView.swift */,
				37BBEC412B0BCA5000AB7956 /* OTPView.swift */,
				3772C4CA2B121E6D00914F03 /* NotificationView.swift */,
				37BBEC3F2B0BCA4100AB7956 /* ForgetView.swift */,
				3772C4D72B12545400914F03 /* HomePageView.swift */,
				3772C4D92B12549000914F03 /* TicketView.swift */,
				3772C4DB2B1254B200914F03 /* SeatSelcation.swift */,
				3772C4DD2B1254D200914F03 /* BookingTicket.swift */,
				375AF4F02B1672ED00462BD0 /* PaymentView.swift */,
				37AC8FF72B1F5BAF001F6DB7 /* FinishView.swift */,
				37AC8FF92B1F787A001F6DB7 /* MyTicketView.swift */,
				37AC90552B20D90D001F6DB7 /* RouteMapView.swift */,
			);
			path = Views;
			sourceTree = "<group>";
		};
		37BBEC552B0E0FC800AB7956 /* Component */ = {
			isa = PBXGroup;
			children = (
				37B7B32E2B236F9600C18685 /* FromToView.swift */,
				3772C4C52B10DBB300914F03 /* EmojiView.swift */,
				37AC8FF32B1E3D11001F6DB7 /* MasterCardView.swift */,
				37AC8FEF2B1DF374001F6DB7 /* VisaView.swift */,
				37AC8FF52B1E4ABD001F6DB7 /* ApplePayView.swift */,
				37BBEC5D2B0E778B00AB7956 /* ProfileHeaderIView.swift */,
				37BBEC472B0CCE5B00AB7956 /* HeaderView.swift */,
			);
			path = Component;
			sourceTree = "<group>";
		};
		37BBEC562B0E0FE200AB7956 /* Models */ = {
			isa = PBXGroup;
			children = (
				3772C4DF2B12899D00914F03 /* NotificationData.swift */,
				3772C4C72B10ECAD00914F03 /* StationsData.swift */,
				37B7B32C2B22526D00C18685 /* AuthModel.swift */,
				3772C4D02B1251EE00914F03 /* TicketData.swift */,
				375AF4F22B167F0200462BD0 /* PaymentData.swift */,
				37BBEC572B0E635C00AB7956 /* ProfileData.swift */,
				3772C4D22B1252FD00914F03 /* SeatData.swift */,
				37AC90572B20D939001F6DB7 /* MapModel.swift */,
			);
			path = Models;
			sourceTree = "<group>";
		};
/* End PBXGroup section */

/* Begin PBXNativeTarget section */
		37BBEC272B0BC1C500AB7956 /* TrainApp */ = {
			isa = PBXNativeTarget;
			buildConfigurationList = 37BBEC362B0BC1C700AB7956 /* Build configuration list for PBXNativeTarget "TrainApp" */;
			buildPhases = (
				37BBEC242B0BC1C500AB7956 /* Sources */,
				37BBEC252B0BC1C500AB7956 /* Frameworks */,
				37BBEC262B0BC1C500AB7956 /* Resources */,
			);
			buildRules = (
			);
			dependencies = (
			);
			name = TrainApp;
			packageProductDependencies = (
				37AC905A2B20F25A001F6DB7 /* Lottie */,
			);
			productName = TrainApp;
			productReference = 37BBEC282B0BC1C500AB7956 /* TrainApp.app */;
			productType = "com.apple.product-type.application";
		};
/* End PBXNativeTarget section */

/* Begin PBXProject section */
		37BBEC202B0BC1C500AB7956 /* Project object */ = {
			isa = PBXProject;
			attributes = {
				BuildIndependentTargetsInParallel = 1;
				LastSwiftUpdateCheck = 1500;
				LastUpgradeCheck = 1500;
				TargetAttributes = {
					37BBEC272B0BC1C500AB7956 = {
						CreatedOnToolsVersion = 15.0.1;
					};
				};
			};
			buildConfigurationList = 37BBEC232B0BC1C500AB7956 /* Build configuration list for PBXProject "TrainApp" */;
			compatibilityVersion = "Xcode 14.0";
			developmentRegion = en;
			hasScannedForEncodings = 0;
			knownRegions = (
				en,
				Base,
				ar,
			);
			mainGroup = 37BBEC1F2B0BC1C500AB7956;
			packageReferences = (
				37AC90592B20F25A001F6DB7 /* XCRemoteSwiftPackageReference "lottie-ios" */,
			);
			productRefGroup = 37BBEC292B0BC1C500AB7956 /* Products */;
			projectDirPath = "";
			projectRoot = "";
			targets = (
				37BBEC272B0BC1C500AB7956 /* TrainApp */,
			);
		};
/* End PBXProject section */

/* Begin PBXResourcesBuildPhase section */
		37BBEC262B0BC1C500AB7956 /* Resources */ = {
			isa = PBXResourcesBuildPhase;
			buildActionMask = 2147483647;
			files = (
				37BBEC332B0BC1C700AB7956 /* Preview Assets.xcassets in Resources */,
				37AC90512B2096D4001F6DB7 /* Localizable.strings in Resources */,
				37BBEC302B0BC1C700AB7956 /* Assets.xcassets in Resources */,
			);
			runOnlyForDeploymentPostprocessing = 0;
		};
/* End PBXResourcesBuildPhase section */

/* Begin PBXSourcesBuildPhase section */
		37BBEC242B0BC1C500AB7956 /* Sources */ = {
			isa = PBXSourcesBuildPhase;
			buildActionMask = 2147483647;
			files = (
				37BBEC5E2B0E778B00AB7956 /* ProfileHeaderIView.swift in Sources */,
				37BBEC512B0D30B400AB7956 /* SplashView.swift in Sources */,
				37BBEC422B0BCA5000AB7956 /* OTPView.swift in Sources */,
				375AF4F12B1672ED00462BD0 /* PaymentView.swift in Sources */,
				3772C4D82B12545400914F03 /* HomePageView.swift in Sources */,
				37AC8FF42B1E3D11001F6DB7 /* MasterCardView.swift in Sources */,
				37B7B32B2B22524000C18685 /* AuthenticationViewModel.swift in Sources */,
				37BBEC3A2B0BC1DE00AB7956 /* OnboardingView.swift in Sources */,
				37BBEC4C2B0D111A00AB7956 /* ResetPassView.swift in Sources */,
				37AC8FF22B1E1B02001F6DB7 /* PaymentViewModel.swift in Sources */,
				37B7B32F2B236F9600C18685 /* FromToView.swift in Sources */,
				3772C4E22B128A8C00914F03 /* DatabaseNotification.swift in Sources */,
				37BBEC402B0BCA4100AB7956 /* ForgetView.swift in Sources */,
				37AC8FF62B1E4ABD001F6DB7 /* ApplePayView.swift in Sources */,
				3772C4D62B12541000914F03 /* BookingData.swift in Sources */,
				3772C4D32B1252FD00914F03 /* SeatData.swift in Sources */,
				37BBEC3E2B0BC20000AB7956 /* SignUpView.swift in Sources */,
				3772C4DE2B1254D200914F03 /* BookingTicket.swift in Sources */,
				37BBEC5C2B0E680200AB7956 /* ProfileView.swift in Sources */,
				37BBEC2E2B0BC1C500AB7956 /* ContentView.swift in Sources */,
				3772C4CD2B12441100914F03 /* SignUpData.swift in Sources */,
				3772C4DA2B12549000914F03 /* TicketView.swift in Sources */,
				37AC8FF82B1F5BAF001F6DB7 /* FinishView.swift in Sources */,
				37AC8FF02B1DF374001F6DB7 /* VisaView.swift in Sources */,
				37B7B32D2B22526D00C18685 /* AuthModel.swift in Sources */,
				37BBEC582B0E635C00AB7956 /* ProfileData.swift in Sources */,
				37AC8FFC2B1F8074001F6DB7 /* QRCode.swift in Sources */,
				375AF4F32B167F0200462BD0 /* PaymentData.swift in Sources */,
				3772C4C62B10DBB300914F03 /* EmojiView.swift in Sources */,
				37BBEC3C2B0BC1F100AB7956 /* SignInView.swift in Sources */,
				3772C4DC2B1254B200914F03 /* SeatSelcation.swift in Sources */,
				37AC90562B20D90D001F6DB7 /* RouteMapView.swift in Sources */,
				37BBEC5A2B0E63E300AB7956 /* ProfileDatabase.swift in Sources */,
				3772C4E02B12899D00914F03 /* NotificationData.swift in Sources */,
				3772C5072B13571900914F03 /* SignInData.swift in Sources */,
				3772C4D12B1251EE00914F03 /* TicketData.swift in Sources */,
				37BBEC2C2B0BC1C500AB7956 /* TrainAppApp.swift in Sources */,
				37BBEC532B0DDFC200AB7956 /* TabbedView.swift in Sources */,
				37AC8FFA2B1F787A001F6DB7 /* MyTicketView.swift in Sources */,
				3772C4C82B10ECAD00914F03 /* StationsData.swift in Sources */,
				37BBEC482B0CCE5B00AB7956 /* HeaderView.swift in Sources */,
				3772C4C42B10D58B00914F03 /* FeedbackView.swift in Sources */,
				37AC90582B20D939001F6DB7 /* MapModel.swift in Sources */,
				3772C4CB2B121E6D00914F03 /* NotificationView.swift in Sources */,
			);
			runOnlyForDeploymentPostprocessing = 0;
		};
/* End PBXSourcesBuildPhase section */

/* Begin PBXVariantGroup section */
		37AC90532B2096D4001F6DB7 /* Localizable.strings */ = {
			isa = PBXVariantGroup;
			children = (
				37AC90522B2096D4001F6DB7 /* en */,
				37AC90542B2096D7001F6DB7 /* ar */,
			);
			name = Localizable.strings;
			sourceTree = "<group>";
		};
/* End PBXVariantGroup section */

/* Begin XCBuildConfiguration section */
		37BBEC342B0BC1C700AB7956 /* Debug */ = {
			isa = XCBuildConfiguration;
			buildSettings = {
				ALWAYS_SEARCH_USER_PATHS = NO;
				ASSETCATALOG_COMPILER_GENERATE_SWIFT_ASSET_SYMBOL_EXTENSIONS = YES;
				CLANG_ANALYZER_NONNULL = YES;
				CLANG_ANALYZER_NUMBER_OBJECT_CONVERSION = YES_AGGRESSIVE;
				CLANG_CXX_LANGUAGE_STANDARD = "gnu++20";
				CLANG_ENABLE_MODULES = YES;
				CLANG_ENABLE_OBJC_ARC = YES;
				CLANG_ENABLE_OBJC_WEAK = YES;
				CLANG_WARN_BLOCK_CAPTURE_AUTORELEASING = YES;
				CLANG_WARN_BOOL_CONVERSION = YES;
				CLANG_WARN_COMMA = YES;
				CLANG_WARN_CONSTANT_CONVERSION = YES;
				CLANG_WARN_DEPRECATED_OBJC_IMPLEMENTATIONS = YES;
				CLANG_WARN_DIRECT_OBJC_ISA_USAGE = YES_ERROR;
				CLANG_WARN_DOCUMENTATION_COMMENTS = YES;
				CLANG_WARN_EMPTY_BODY = YES;
				CLANG_WARN_ENUM_CONVERSION = YES;
				CLANG_WARN_INFINITE_RECURSION = YES;
				CLANG_WARN_INT_CONVERSION = YES;
				CLANG_WARN_NON_LITERAL_NULL_CONVERSION = YES;
				CLANG_WARN_OBJC_IMPLICIT_RETAIN_SELF = YES;
				CLANG_WARN_OBJC_LITERAL_CONVERSION = YES;
				CLANG_WARN_OBJC_ROOT_CLASS = YES_ERROR;
				CLANG_WARN_QUOTED_INCLUDE_IN_FRAMEWORK_HEADER = YES;
				CLANG_WARN_RANGE_LOOP_ANALYSIS = YES;
				CLANG_WARN_STRICT_PROTOTYPES = YES;
				CLANG_WARN_SUSPICIOUS_MOVE = YES;
				CLANG_WARN_UNGUARDED_AVAILABILITY = YES_AGGRESSIVE;
				CLANG_WARN_UNREACHABLE_CODE = YES;
				CLANG_WARN__DUPLICATE_METHOD_MATCH = YES;
				COPY_PHASE_STRIP = NO;
				DEBUG_INFORMATION_FORMAT = dwarf;
				ENABLE_STRICT_OBJC_MSGSEND = YES;
				ENABLE_TESTABILITY = YES;
				ENABLE_USER_SCRIPT_SANDBOXING = YES;
				GCC_C_LANGUAGE_STANDARD = gnu17;
				GCC_DYNAMIC_NO_PIC = NO;
				GCC_NO_COMMON_BLOCKS = YES;
				GCC_OPTIMIZATION_LEVEL = 0;
				GCC_PREPROCESSOR_DEFINITIONS = (
					"DEBUG=1",
					"$(inherited)",
				);
				GCC_WARN_64_TO_32_BIT_CONVERSION = YES;
				GCC_WARN_ABOUT_RETURN_TYPE = YES_ERROR;
				GCC_WARN_UNDECLARED_SELECTOR = YES;
				GCC_WARN_UNINITIALIZED_AUTOS = YES_AGGRESSIVE;
				GCC_WARN_UNUSED_FUNCTION = YES;
				GCC_WARN_UNUSED_VARIABLE = YES;
				IPHONEOS_DEPLOYMENT_TARGET = 17.0;
				LOCALIZATION_PREFERS_STRING_CATALOGS = YES;
				MTL_ENABLE_DEBUG_INFO = INCLUDE_SOURCE;
				MTL_FAST_MATH = YES;
				ONLY_ACTIVE_ARCH = YES;
				SDKROOT = iphoneos;
				SWIFT_ACTIVE_COMPILATION_CONDITIONS = "DEBUG $(inherited)";
				SWIFT_OPTIMIZATION_LEVEL = "-Onone";
			};
			name = Debug;
		};
		37BBEC352B0BC1C700AB7956 /* Release */ = {
			isa = XCBuildConfiguration;
			buildSettings = {
				ALWAYS_SEARCH_USER_PATHS = NO;
				ASSETCATALOG_COMPILER_GENERATE_SWIFT_ASSET_SYMBOL_EXTENSIONS = YES;
				CLANG_ANALYZER_NONNULL = YES;
				CLANG_ANALYZER_NUMBER_OBJECT_CONVERSION = YES_AGGRESSIVE;
				CLANG_CXX_LANGUAGE_STANDARD = "gnu++20";
				CLANG_ENABLE_MODULES = YES;
				CLANG_ENABLE_OBJC_ARC = YES;
				CLANG_ENABLE_OBJC_WEAK = YES;
				CLANG_WARN_BLOCK_CAPTURE_AUTORELEASING = YES;
				CLANG_WARN_BOOL_CONVERSION = YES;
				CLANG_WARN_COMMA = YES;
				CLANG_WARN_CONSTANT_CONVERSION = YES;
				CLANG_WARN_DEPRECATED_OBJC_IMPLEMENTATIONS = YES;
				CLANG_WARN_DIRECT_OBJC_ISA_USAGE = YES_ERROR;
				CLANG_WARN_DOCUMENTATION_COMMENTS = YES;
				CLANG_WARN_EMPTY_BODY = YES;
				CLANG_WARN_ENUM_CONVERSION = YES;
				CLANG_WARN_INFINITE_RECURSION = YES;
				CLANG_WARN_INT_CONVERSION = YES;
				CLANG_WARN_NON_LITERAL_NULL_CONVERSION = YES;
				CLANG_WARN_OBJC_IMPLICIT_RETAIN_SELF = YES;
				CLANG_WARN_OBJC_LITERAL_CONVERSION = YES;
				CLANG_WARN_OBJC_ROOT_CLASS = YES_ERROR;
				CLANG_WARN_QUOTED_INCLUDE_IN_FRAMEWORK_HEADER = YES;
				CLANG_WARN_RANGE_LOOP_ANALYSIS = YES;
				CLANG_WARN_STRICT_PROTOTYPES = YES;
				CLANG_WARN_SUSPICIOUS_MOVE = YES;
				CLANG_WARN_UNGUARDED_AVAILABILITY = YES_AGGRESSIVE;
				CLANG_WARN_UNREACHABLE_CODE = YES;
				CLANG_WARN__DUPLICATE_METHOD_MATCH = YES;
				COPY_PHASE_STRIP = NO;
				DEBUG_INFORMATION_FORMAT = "dwarf-with-dsym";
				ENABLE_NS_ASSERTIONS = NO;
				ENABLE_STRICT_OBJC_MSGSEND = YES;
				ENABLE_USER_SCRIPT_SANDBOXING = YES;
				GCC_C_LANGUAGE_STANDARD = gnu17;
				GCC_NO_COMMON_BLOCKS = YES;
				GCC_WARN_64_TO_32_BIT_CONVERSION = YES;
				GCC_WARN_ABOUT_RETURN_TYPE = YES_ERROR;
				GCC_WARN_UNDECLARED_SELECTOR = YES;
				GCC_WARN_UNINITIALIZED_AUTOS = YES_AGGRESSIVE;
				GCC_WARN_UNUSED_FUNCTION = YES;
				GCC_WARN_UNUSED_VARIABLE = YES;
				IPHONEOS_DEPLOYMENT_TARGET = 17.0;
				LOCALIZATION_PREFERS_STRING_CATALOGS = YES;
				MTL_ENABLE_DEBUG_INFO = NO;
				MTL_FAST_MATH = YES;
				SDKROOT = iphoneos;
				SWIFT_COMPILATION_MODE = wholemodule;
				VALIDATE_PRODUCT = YES;
			};
			name = Release;
		};
		37BBEC372B0BC1C700AB7956 /* Debug */ = {
			isa = XCBuildConfiguration;
			buildSettings = {
				ASSETCATALOG_COMPILER_APPICON_NAME = AppIcon;
				ASSETCATALOG_COMPILER_GLOBAL_ACCENT_COLOR_NAME = AccentColor;
				CODE_SIGN_STYLE = Automatic;
				CURRENT_PROJECT_VERSION = 1;
				DEVELOPMENT_ASSET_PATHS = "\"TrainApp/Preview Content\"";
				ENABLE_PREVIEWS = YES;
				GENERATE_INFOPLIST_FILE = YES;
				INFOPLIST_KEY_NSLocationWhenInUseUsageDescription = "السماح للتطبيق الوصول للموقع الخاص بك";
				INFOPLIST_KEY_UIApplicationSceneManifest_Generation = YES;
				INFOPLIST_KEY_UIApplicationSupportsIndirectInputEvents = YES;
				INFOPLIST_KEY_UILaunchScreen_Generation = YES;
				INFOPLIST_KEY_UILaunchStoryboardName = "";
				INFOPLIST_KEY_UISupportedInterfaceOrientations_iPad = "UIInterfaceOrientationPortrait UIInterfaceOrientationPortraitUpsideDown UIInterfaceOrientationLandscapeLeft UIInterfaceOrientationLandscapeRight";
				INFOPLIST_KEY_UISupportedInterfaceOrientations_iPhone = "UIInterfaceOrientationPortrait UIInterfaceOrientationLandscapeLeft UIInterfaceOrientationLandscapeRight";
				LD_RUNPATH_SEARCH_PATHS = (
					"$(inherited)",
					"@executable_path/Frameworks",
				);
				MARKETING_VERSION = 1.0;
				PRODUCT_BUNDLE_IDENTIFIER = com.example.TrainApp;
				PRODUCT_NAME = "$(TARGET_NAME)";
				SWIFT_EMIT_LOC_STRINGS = YES;
				SWIFT_VERSION = 5.0;
				TARGETED_DEVICE_FAMILY = "1,2";
			};
			name = Debug;
		};
		37BBEC382B0BC1C700AB7956 /* Release */ = {
			isa = XCBuildConfiguration;
			buildSettings = {
				ASSETCATALOG_COMPILER_APPICON_NAME = AppIcon;
				ASSETCATALOG_COMPILER_GLOBAL_ACCENT_COLOR_NAME = AccentColor;
				CODE_SIGN_STYLE = Automatic;
				CURRENT_PROJECT_VERSION = 1;
				DEVELOPMENT_ASSET_PATHS = "\"TrainApp/Preview Content\"";
				ENABLE_PREVIEWS = YES;
				GENERATE_INFOPLIST_FILE = YES;
				INFOPLIST_KEY_NSLocationWhenInUseUsageDescription = "السماح للتطبيق الوصول للموقع الخاص بك";
				INFOPLIST_KEY_UIApplicationSceneManifest_Generation = YES;
				INFOPLIST_KEY_UIApplicationSupportsIndirectInputEvents = YES;
				INFOPLIST_KEY_UILaunchScreen_Generation = YES;
				INFOPLIST_KEY_UILaunchStoryboardName = "";
				INFOPLIST_KEY_UISupportedInterfaceOrientations_iPad = "UIInterfaceOrientationPortrait UIInterfaceOrientationPortraitUpsideDown UIInterfaceOrientationLandscapeLeft UIInterfaceOrientationLandscapeRight";
				INFOPLIST_KEY_UISupportedInterfaceOrientations_iPhone = "UIInterfaceOrientationPortrait UIInterfaceOrientationLandscapeLeft UIInterfaceOrientationLandscapeRight";
				LD_RUNPATH_SEARCH_PATHS = (
					"$(inherited)",
					"@executable_path/Frameworks",
				);
				MARKETING_VERSION = 1.0;
				PRODUCT_BUNDLE_IDENTIFIER = com.example.TrainApp;
				PRODUCT_NAME = "$(TARGET_NAME)";
				SWIFT_EMIT_LOC_STRINGS = YES;
				SWIFT_VERSION = 5.0;
				TARGETED_DEVICE_FAMILY = "1,2";
			};
			name = Release;
		};
/* End XCBuildConfiguration section */

/* Begin XCConfigurationList section */
		37BBEC232B0BC1C500AB7956 /* Build configuration list for PBXProject "TrainApp" */ = {
			isa = XCConfigurationList;
			buildConfigurations = (
				37BBEC342B0BC1C700AB7956 /* Debug */,
				37BBEC352B0BC1C700AB7956 /* Release */,
			);
			defaultConfigurationIsVisible = 0;
			defaultConfigurationName = Release;
		};
		37BBEC362B0BC1C700AB7956 /* Build configuration list for PBXNativeTarget "TrainApp" */ = {
			isa = XCConfigurationList;
			buildConfigurations = (
				37BBEC372B0BC1C700AB7956 /* Debug */,
				37BBEC382B0BC1C700AB7956 /* Release */,
			);
			defaultConfigurationIsVisible = 0;
			defaultConfigurationName = Release;
		};
/* End XCConfigurationList section */

/* Begin XCRemoteSwiftPackageReference section */
		37AC90592B20F25A001F6DB7 /* XCRemoteSwiftPackageReference "lottie-ios" */ = {
			isa = XCRemoteSwiftPackageReference;
			repositoryURL = "https://github.com/airbnb/lottie-ios";
			requirement = {
				kind = exactVersion;
				version = 4.3.4;
			};
		};
/* End XCRemoteSwiftPackageReference section */

/* Begin XCSwiftPackageProductDependency section */
		37AC905A2B20F25A001F6DB7 /* Lottie */ = {
			isa = XCSwiftPackageProductDependency;
			package = 37AC90592B20F25A001F6DB7 /* XCRemoteSwiftPackageReference "lottie-ios" */;
			productName = Lottie;
		};
/* End XCSwiftPackageProductDependency section */
	};
	rootObject = 37BBEC202B0BC1C500AB7956 /* Project object */;
}
